
Microsoft Visual Studio Solution File, Format Version 12.00
# Visual Studio Version 17
VisualStudioVersion = 17.8.34408.163
MinimumVisualStudioVersion = 10.0.40219.1
Project("{FAE04EC0-301F-11D3-BF4B-00C04F79EFBC}") = "MOD5_1302223047", "MOD5_1302223047\MOD5_1302223047.csproj", "{DC842078-FAB6-4CC3-8197-EC09D51CD505}"
EndProject
Global
	GlobalSection(SolutionConfigurationPlatforms) = preSolution
		Debug|Any CPU = Debug|Any CPU
		Release|Any CPU = Release|Any CPU
	EndGlobalSection
	GlobalSection(ProjectConfigurationPlatforms) = postSolution
		{DC842078-FAB6-4CC3-8197-EC09D51CD505}.Debug|Any CPU.ActiveCfg = Debug|Any CPU
		{DC842078-FAB6-4CC3-8197-EC09D51CD505}.Debug|Any CPU.Build.0 = Debug|Any CPU
		{DC842078-FAB6-4CC3-8197-EC09D51CD505}.Release|Any CPU.ActiveCfg = Release|Any CPU
		{DC842078-FAB6-4CC3-8197-EC09D51CD505}.Release|Any CPU.Build.0 = Release|Any CPU
	EndGlobalSection
	GlobalSection(SolutionProperties) = preSolution
		HideSolutionNode = FALSE
	EndGlobalSection
	GlobalSection(ExtensibilityGlobals) = postSolution
		SolutionGuid = {FD625837-3602-4C82-9725-D99DB35E1BA8}
	EndGlobalSection
EndGlobal
